// !$*UTF8*$!
{
	archiveVersion = 1;
	classes = {
	};
	objectVersion = 56;
	objects = {

/* Begin PBXBuildFile section */
		C877F5EC2B62B1060053A1BC /* AppDelegate.swift in Sources */ = {isa = PBXBuildFile; fileRef = C877F5EB2B62B1060053A1BC /* AppDelegate.swift */; };
		C877F5EE2B62B1060053A1BC /* SceneDelegate.swift in Sources */ = {isa = PBXBuildFile; fileRef = C877F5ED2B62B1060053A1BC /* SceneDelegate.swift */; };
		C877F5F02B62B1060053A1BC /* ViewController.swift in Sources */ = {isa = PBXBuildFile; fileRef = C877F5EF2B62B1060053A1BC /* ViewController.swift */; };
		C877F5F32B62B1060053A1BC /* Main.storyboard in Resources */ = {isa = PBXBuildFile; fileRef = C877F5F12B62B1060053A1BC /* Main.storyboard */; };
		C877F5F52B62B1080053A1BC /* Assets.xcassets in Resources */ = {isa = PBXBuildFile; fileRef = C877F5F42B62B1080053A1BC /* Assets.xcassets */; };
		C877F5F82B62B1080053A1BC /* LaunchScreen.storyboard in Resources */ = {isa = PBXBuildFile; fileRef = C877F5F62B62B1080053A1BC /* LaunchScreen.storyboard */; };
		C877F6032B62B1090053A1BC /* MyForecastAppAvilaTests.swift in Sources */ = {isa = PBXBuildFile; fileRef = C877F6022B62B1090053A1BC /* MyForecastAppAvilaTests.swift */; };
		C877F60D2B62B1090053A1BC /* MyForecastAppAvilaUITests.swift in Sources */ = {isa = PBXBuildFile; fileRef = C877F60C2B62B1090053A1BC /* MyForecastAppAvilaUITests.swift */; };
		C877F60F2B62B1090053A1BC /* MyForecastAppAvilaUITestsLaunchTests.swift in Sources */ = {isa = PBXBuildFile; fileRef = C877F60E2B62B1090053A1BC /* MyForecastAppAvilaUITestsLaunchTests.swift */; };
/* End PBXBuildFile section */

/* Begin PBXContainerItemProxy section */
		C877F5FF2B62B1090053A1BC /* PBXContainerItemProxy */ = {
			isa = PBXContainerItemProxy;
			containerPortal = C877F5E02B62B1060053A1BC /* Project object */;
			proxyType = 1;
			remoteGlobalIDString = C877F5E72B62B1060053A1BC;
			remoteInfo = MyForecastAppAvila;
		};
		C877F6092B62B1090053A1BC /* PBXContainerItemProxy */ = {
			isa = PBXContainerItemProxy;
			containerPortal = C877F5E02B62B1060053A1BC /* Project object */;
			proxyType = 1;
			remoteGlobalIDString = C877F5E72B62B1060053A1BC;
			remoteInfo = MyForecastAppAvila;
		};
/* End PBXContainerItemProxy section */

/* Begin PBXFileReference section */
		C877F5E82B62B1060053A1BC /* MyForecastAppAvila.app */ = {isa = PBXFileReference; explicitFileType = wrapper.application; includeInIndex = 0; path = MyForecastAppAvila.app; sourceTree = BUILT_PRODUCTS_DIR; };
		C877F5EB2B62B1060053A1BC /* AppDelegate.swift */ = {isa = PBXFileReference; lastKnownFileType = sourcecode.swift; path = AppDelegate.swift; sourceTree = "<group>"; };
		C877F5ED2B62B1060053A1BC /* SceneDelegate.swift */ = {isa = PBXFileReference; lastKnownFileType = sourcecode.swift; path = SceneDelegate.swift; sourceTree = "<group>"; };
		C877F5EF2B62B1060053A1BC /* ViewController.swift */ = {isa = PBXFileReference; lastKnownFileType = sourcecode.swift; path = ViewController.swift; sourceTree = "<group>"; };
		C877F5F22B62B1060053A1BC /* Base */ = {isa = PBXFileReference; lastKnownFileType = file.storyboard; name = Base; path = Base.lproj/Main.storyboard; sourceTree = "<group>"; };
		C877F5F42B62B1080053A1BC /* Assets.xcassets */ = {isa = PBXFileReference; lastKnownFileType = folder.assetcatalog; path = Assets.xcassets; sourceTree = "<group>"; };
		C877F5F72B62B1080053A1BC /* Base */ = {isa = PBXFileReference; lastKnownFileType = file.storyboard; name = Base; path = Base.lproj/LaunchScreen.storyboard; sourceTree = "<group>"; };
		C877F5F92B62B1080053A1BC /* Info.plist */ = {isa = PBXFileReference; lastKnownFileType = text.plist.xml; path = Info.plist; sourceTree = "<group>"; };
		C877F5FE2B62B1090053A1BC /* MyForecastAppAvilaTests.xctest */ = {isa = PBXFileReference; explicitFileType = wrapper.cfbundle; includeInIndex = 0; path = MyForecastAppAvilaTests.xctest; sourceTree = BUILT_PRODUCTS_DIR; };
		C877F6022B62B1090053A1BC /* MyForecastAppAvilaTests.swift */ = {isa = PBXFileReference; lastKnownFileType = sourcecode.swift; path = MyForecastAppAvilaTests.swift; sourceTree = "<group>"; };
		C877F6082B62B1090053A1BC /* MyForecastAppAvilaUITests.xctest */ = {isa = PBXFileReference; explicitFileType = wrapper.cfbundle; includeInIndex = 0; path = MyForecastAppAvilaUITests.xctest; sourceTree = BUILT_PRODUCTS_DIR; };
		C877F60C2B62B1090053A1BC /* MyForecastAppAvilaUITests.swift */ = {isa = PBXFileReference; lastKnownFileType = sourcecode.swift; path = MyForecastAppAvilaUITests.swift; sourceTree = "<group>"; };
		C877F60E2B62B1090053A1BC /* MyForecastAppAvilaUITestsLaunchTests.swift */ = {isa = PBXFileReference; lastKnownFileType = sourcecode.swift; path = MyForecastAppAvilaUITestsLaunchTests.swift; sourceTree = "<group>"; };
/* End PBXFileReference section */

/* Begin PBXFrameworksBuildPhase section */
		C877F5E52B62B1060053A1BC /* Frameworks */ = {
			isa = PBXFrameworksBuildPhase;
			buildActionMask = 2147483647;
			files = (
			);
			runOnlyForDeploymentPostprocessing = 0;
		};
		C877F5FB2B62B1090053A1BC /* Frameworks */ = {
			isa = PBXFrameworksBuildPhase;
			buildActionMask = 2147483647;
			files = (
			);
			runOnlyForDeploymentPostprocessing = 0;
		};
		C877F6052B62B1090053A1BC /* Frameworks */ = {
			isa = PBXFrameworksBuildPhase;
			buildActionMask = 2147483647;
			files = (
			);
			runOnlyForDeploymentPostprocessing = 0;
		};
/* End PBXFrameworksBuildPhase section */

/* Begin PBXGroup section */
		C877F5DF2B62B1060053A1BC = {
			isa = PBXGroup;
			children = (
				C877F5EA2B62B1060053A1BC /* MyForecastAppAvila */,
				C877F6012B62B1090053A1BC /* MyForecastAppAvilaTests */,
				C877F60B2B62B1090053A1BC /* MyForecastAppAvilaUITests */,
				C877F5E92B62B1060053A1BC /* Products */,
			);
			sourceTree = "<group>";
		};
		C877F5E92B62B1060053A1BC /* Products */ = {
			isa = PBXGroup;
			children = (
				C877F5E82B62B1060053A1BC /* MyForecastAppAvila.app */,
				C877F5FE2B62B1090053A1BC /* MyForecastAppAvilaTests.xctest */,
				C877F6082B62B1090053A1BC /* MyForecastAppAvilaUITests.xctest */,
			);
			name = Products;
			sourceTree = "<group>";
		};
		C877F5EA2B62B1060053A1BC /* MyForecastAppAvila */ = {
			isa = PBXGroup;
			children = (
				C877F5EB2B62B1060053A1BC /* AppDelegate.swift */,
				C877F5ED2B62B1060053A1BC /* SceneDelegate.swift */,
				C877F5EF2B62B1060053A1BC /* ViewController.swift */,
				C877F5F12B62B1060053A1BC /* Main.storyboard */,
				C877F5F42B62B1080053A1BC /* Assets.xcassets */,
				C877F5F62B62B1080053A1BC /* LaunchScreen.storyboard */,
				C877F5F92B62B1080053A1BC /* Info.plist */,
			);
			path = MyForecastAppAvila;
			sourceTree = "<group>";
		};
		C877F6012B62B1090053A1BC /* MyForecastAppAvilaTests */ = {
			isa = PBXGroup;
			children = (
				C877F6022B62B1090053A1BC /* MyForecastAppAvilaTests.swift */,
			);
			path = MyForecastAppAvilaTests;
			sourceTree = "<group>";
		};
		C877F60B2B62B1090053A1BC /* MyForecastAppAvilaUITests */ = {
			isa = PBXGroup;
			children = (
				C877F60C2B62B1090053A1BC /* MyForecastAppAvilaUITests.swift */,
				C877F60E2B62B1090053A1BC /* MyForecastAppAvilaUITestsLaunchTests.swift */,
			);
			path = MyForecastAppAvilaUITests;
			sourceTree = "<group>";
		};
/* End PBXGroup section */

/* Begin PBXNativeTarget section */
		C877F5E72B62B1060053A1BC /* MyForecastAppAvila */ = {
			isa = PBXNativeTarget;
			buildConfigurationList = C877F6122B62B1090053A1BC /* Build configuration list for PBXNativeTarget "MyForecastAppAvila" */;
			buildPhases = (
				C877F5E42B62B1060053A1BC /* Sources */,
				C877F5E52B62B1060053A1BC /* Frameworks */,
				C877F5E62B62B1060053A1BC /* Resources */,
			);
			buildRules = (
			);
			dependencies = (
			);
			name = MyForecastAppAvila;
			productName = MyForecastAppAvila;
			productReference = C877F5E82B62B1060053A1BC /* MyForecastAppAvila.app */;
			productType = "com.apple.product-type.application";
		};
		C877F5FD2B62B1090053A1BC /* MyForecastAppAvilaTests */ = {
			isa = PBXNativeTarget;
			buildConfigurationList = C877F6152B62B1090053A1BC /* Build configuration list for PBXNativeTarget "MyForecastAppAvilaTests" */;
			buildPhases = (
				C877F5FA2B62B1090053A1BC /* Sources */,
				C877F5FB2B62B1090053A1BC /* Frameworks */,
				C877F5FC2B62B1090053A1BC /* Resources */,
			);
			buildRules = (
			);
			dependencies = (
				C877F6002B62B1090053A1BC /* PBXTargetDependency */,
			);
			name = MyForecastAppAvilaTests;
			productName = MyForecastAppAvilaTests;
			productReference = C877F5FE2B62B1090053A1BC /* MyForecastAppAvilaTests.xctest */;
			productType = "com.apple.product-type.bundle.unit-test";
		};
		C877F6072B62B1090053A1BC /* MyForecastAppAvilaUITests */ = {
			isa = PBXNativeTarget;
			buildConfigurationList = C877F6182B62B1090053A1BC /* Build configuration list for PBXNativeTarget "MyForecastAppAvilaUITests" */;
			buildPhases = (
				C877F6042B62B1090053A1BC /* Sources */,
				C877F6052B62B1090053A1BC /* Frameworks */,
				C877F6062B62B1090053A1BC /* Resources */,
			);
			buildRules = (
			);
			dependencies = (
				C877F60A2B62B1090053A1BC /* PBXTargetDependency */,
			);
			name = MyForecastAppAvilaUITests;
			productName = MyForecastAppAvilaUITests;
			productReference = C877F6082B62B1090053A1BC /* MyForecastAppAvilaUITests.xctest */;
			productType = "com.apple.product-type.bundle.ui-testing";
		};
/* End PBXNativeTarget section */

/* Begin PBXProject section */
		C877F5E02B62B1060053A1BC /* Project object */ = {
			isa = PBXProject;
			attributes = {
				BuildIndependentTargetsInParallel = 1;
				LastSwiftUpdateCheck = 1510;
				LastUpgradeCheck = 1510;
				TargetAttributes = {
					C877F5E72B62B1060053A1BC = {
						CreatedOnToolsVersion = 15.1;
					};
					C877F5FD2B62B1090053A1BC = {
						CreatedOnToolsVersion = 15.1;
						TestTargetID = C877F5E72B62B1060053A1BC;
					};
					C877F6072B62B1090053A1BC = {
						CreatedOnToolsVersion = 15.1;
						TestTargetID = C877F5E72B62B1060053A1BC;
					};
				};
			};
			buildConfigurationList = C877F5E32B62B1060053A1BC /* Build configuration list for PBXProject "MyForecastAppAvila" */;
			compatibilityVersion = "Xcode 14.0";
			developmentRegion = en;
			hasScannedForEncodings = 0;
			knownRegions = (
				en,
				Base,
			);
			mainGroup = C877F5DF2B62B1060053A1BC;
			productRefGroup = C877F5E92B62B1060053A1BC /* Products */;
			projectDirPath = "";
			projectRoot = "";
			targets = (
				C877F5E72B62B1060053A1BC /* MyForecastAppAvila */,
				C877F5FD2B62B1090053A1BC /* MyForecastAppAvilaTests */,
				C877F6072B62B1090053A1BC /* MyForecastAppAvilaUITests */,
			);
		};
/* End PBXProject section */

/* Begin PBXResourcesBuildPhase section */
		C877F5E62B62B1060053A1BC /* Resources */ = {
			isa = PBXResourcesBuildPhase;
			buildActionMask = 2147483647;
			files = (
				C877F5F82B62B1080053A1BC /* LaunchScreen.storyboard in Resources */,
				C877F5F52B62B1080053A1BC /* Assets.xcassets in Resources */,
				C877F5F32B62B1060053A1BC /* Main.storyboard in Resources */,
			);
			runOnlyForDeploymentPostprocessing = 0;
		};
		C877F5FC2B62B1090053A1BC /* Resources */ = {
			isa = PBXResourcesBuildPhase;
			buildActionMask = 2147483647;
			files = (
			);
			runOnlyForDeploymentPostprocessing = 0;
		};
		C877F6062B62B1090053A1BC /* Resources */ = {
			isa = PBXResourcesBuildPhase;
			buildActionMask = 2147483647;
			files = (
			);
			runOnlyForDeploymentPostprocessing = 0;
		};
/* End PBXResourcesBuildPhase section */

/* Begin PBXSourcesBuildPhase section */
		C877F5E42B62B1060053A1BC /* Sources */ = {
			isa = PBXSourcesBuildPhase;
			buildActionMask = 2147483647;
			files = (
				C877F5F02B62B1060053A1BC /* ViewController.swift in Sources */,
				C877F5EC2B62B1060053A1BC /* AppDelegate.swift in Sources */,
				C877F5EE2B62B1060053A1BC /* SceneDelegate.swift in Sources */,
			);
			runOnlyForDeploymentPostprocessing = 0;
		};
		C877F5FA2B62B1090053A1BC /* Sources */ = {
			isa = PBXSourcesBuildPhase;
			buildActionMask = 2147483647;
			files = (
				C877F6032B62B1090053A1BC /* MyForecastAppAvilaTests.swift in Sources */,
			);
			runOnlyForDeploymentPostprocessing = 0;
		};
		C877F6042B62B1090053A1BC /* Sources */ = {
			isa = PBXSourcesBuildPhase;
			buildActionMask = 2147483647;
			files = (
				C877F60D2B62B1090053A1BC /* MyForecastAppAvilaUITests.swift in Sources */,
				C877F60F2B62B1090053A1BC /* MyForecastAppAvilaUITestsLaunchTests.swift in Sources */,
			);
			runOnlyForDeploymentPostprocessing = 0;
		};
/* End PBXSourcesBuildPhase section */

/* Begin PBXTargetDependency section */
		C877F6002B62B1090053A1BC /* PBXTargetDependency */ = {
			isa = PBXTargetDependency;
			target = C877F5E72B62B1060053A1BC /* MyForecastAppAvila */;
			targetProxy = C877F5FF2B62B1090053A1BC /* PBXContainerItemProxy */;
		};
		C877F60A2B62B1090053A1BC /* PBXTargetDependency */ = {
			isa = PBXTargetDependency;
			target = C877F5E72B62B1060053A1BC /* MyForecastAppAvila */;
			targetProxy = C877F6092B62B1090053A1BC /* PBXContainerItemProxy */;
		};
/* End PBXTargetDependency section */

/* Begin PBXVariantGroup section */
		C877F5F12B62B1060053A1BC /* Main.storyboard */ = {
			isa = PBXVariantGroup;
			children = (
				C877F5F22B62B1060053A1BC /* Base */,
			);
			name = Main.storyboard;
			sourceTree = "<group>";
		};
		C877F5F62B62B1080053A1BC /* LaunchScreen.storyboard */ = {
			isa = PBXVariantGroup;
			children = (
				C877F5F72B62B1080053A1BC /* Base */,
			);
			name = LaunchScreen.storyboard;
			sourceTree = "<group>";
		};
/* End PBXVariantGroup section */

/* Begin XCBuildConfiguration section */
		C877F6102B62B1090053A1BC /* Debug */ = {
			isa = XCBuildConfiguration;
			buildSettings = {
				ALWAYS_SEARCH_USER_PATHS = NO;
				ASSETCATALOG_COMPILER_GENERATE_SWIFT_ASSET_SYMBOL_EXTENSIONS = YES;
				CLANG_ANALYZER_NONNULL = YES;
				CLANG_ANALYZER_NUMBER_OBJECT_CONVERSION = YES_AGGRESSIVE;
				CLANG_CXX_LANGUAGE_STANDARD = "gnu++20";
				CLANG_ENABLE_MODULES = YES;
				CLANG_ENABLE_OBJC_ARC = YES;
				CLANG_ENABLE_OBJC_WEAK = YES;
				CLANG_WARN_BLOCK_CAPTURE_AUTORELEASING = YES;
				CLANG_WARN_BOOL_CONVERSION = YES;
				CLANG_WARN_COMMA = YES;
				CLANG_WARN_CONSTANT_CONVERSION = YES;
				CLANG_WARN_DEPRECATED_OBJC_IMPLEMENTATIONS = YES;
				CLANG_WARN_DIRECT_OBJC_ISA_USAGE = YES_ERROR;
				CLANG_WARN_DOCUMENTATION_COMMENTS = YES;
				CLANG_WARN_EMPTY_BODY = YES;
				CLANG_WARN_ENUM_CONVERSION = YES;
				CLANG_WARN_INFINITE_RECURSION = YES;
				CLANG_WARN_INT_CONVERSION = YES;
				CLANG_WARN_NON_LITERAL_NULL_CONVERSION = YES;
				CLANG_WARN_OBJC_IMPLICIT_RETAIN_SELF = YES;
				CLANG_WARN_OBJC_LITERAL_CONVERSION = YES;
				CLANG_WARN_OBJC_ROOT_CLASS = YES_ERROR;
				CLANG_WARN_QUOTED_INCLUDE_IN_FRAMEWORK_HEADER = YES;
				CLANG_WARN_RANGE_LOOP_ANALYSIS = YES;
				CLANG_WARN_STRICT_PROTOTYPES = YES;
				CLANG_WARN_SUSPICIOUS_MOVE = YES;
				CLANG_WARN_UNGUARDED_AVAILABILITY = YES_AGGRESSIVE;
				CLANG_WARN_UNREACHABLE_CODE = YES;
				CLANG_WARN__DUPLICATE_METHOD_MATCH = YES;
				COPY_PHASE_STRIP = NO;
				DEBUG_INFORMATION_FORMAT = dwarf;
				ENABLE_STRICT_OBJC_MSGSEND = YES;
				ENABLE_TESTABILITY = YES;
				ENABLE_USER_SCRIPT_SANDBOXING = YES;
				GCC_C_LANGUAGE_STANDARD = gnu17;
				GCC_DYNAMIC_NO_PIC = NO;
				GCC_NO_COMMON_BLOCKS = YES;
				GCC_OPTIMIZATION_LEVEL = 0;
				GCC_PREPROCESSOR_DEFINITIONS = (
					"DEBUG=1",
					"$(inherited)",
				);
				GCC_WARN_64_TO_32_BIT_CONVERSION = YES;
				GCC_WARN_ABOUT_RETURN_TYPE = YES_ERROR;
				GCC_WARN_UNDECLARED_SELECTOR = YES;
				GCC_WARN_UNINITIALIZED_AUTOS = YES_AGGRESSIVE;
				GCC_WARN_UNUSED_FUNCTION = YES;
				GCC_WARN_UNUSED_VARIABLE = YES;
				IPHONEOS_DEPLOYMENT_TARGET = 17.2;
				LOCALIZATION_PREFERS_STRING_CATALOGS = YES;
				MTL_ENABLE_DEBUG_INFO = INCLUDE_SOURCE;
				MTL_FAST_MATH = YES;
				ONLY_ACTIVE_ARCH = YES;
				SDKROOT = iphoneos;
				SWIFT_ACTIVE_COMPILATION_CONDITIONS = "DEBUG $(inherited)";
				SWIFT_OPTIMIZATION_LEVEL = "-Onone";
			};
			name = Debug;
		};
		C877F6112B62B1090053A1BC /* Release */ = {
			isa = XCBuildConfiguration;
			buildSettings = {
				ALWAYS_SEARCH_USER_PATHS = NO;
				ASSETCATALOG_COMPILER_GENERATE_SWIFT_ASSET_SYMBOL_EXTENSIONS = YES;
				CLANG_ANALYZER_NONNULL = YES;
				CLANG_ANALYZER_NUMBER_OBJECT_CONVERSION = YES_AGGRESSIVE;
				CLANG_CXX_LANGUAGE_STANDARD = "gnu++20";
				CLANG_ENABLE_MODULES = YES;
				CLANG_ENABLE_OBJC_ARC = YES;
				CLANG_ENABLE_OBJC_WEAK = YES;
				CLANG_WARN_BLOCK_CAPTURE_AUTORELEASING = YES;
				CLANG_WARN_BOOL_CONVERSION = YES;
				CLANG_WARN_COMMA = YES;
				CLANG_WARN_CONSTANT_CONVERSION = YES;
				CLANG_WARN_DEPRECATED_OBJC_IMPLEMENTATIONS = YES;
				CLANG_WARN_DIRECT_OBJC_ISA_USAGE = YES_ERROR;
				CLANG_WARN_DOCUMENTATION_COMMENTS = YES;
				CLANG_WARN_EMPTY_BODY = YES;
				CLANG_WARN_ENUM_CONVERSION = YES;
				CLANG_WARN_INFINITE_RECURSION = YES;
				CLANG_WARN_INT_CONVERSION = YES;
				CLANG_WARN_NON_LITERAL_NULL_CONVERSION = YES;
				CLANG_WARN_OBJC_IMPLICIT_RETAIN_SELF = YES;
				CLANG_WARN_OBJC_LITERAL_CONVERSION = YES;
				CLANG_WARN_OBJC_ROOT_CLASS = YES_ERROR;
				CLANG_WARN_QUOTED_INCLUDE_IN_FRAMEWORK_HEADER = YES;
				CLANG_WARN_RANGE_LOOP_ANALYSIS = YES;
				CLANG_WARN_STRICT_PROTOTYPES = YES;
				CLANG_WARN_SUSPICIOUS_MOVE = YES;
				CLANG_WARN_UNGUARDED_AVAILABILITY = YES_AGGRESSIVE;
				CLANG_WARN_UNREACHABLE_CODE = YES;
				CLANG_WARN__DUPLICATE_METHOD_MATCH = YES;
				COPY_PHASE_STRIP = NO;
				DEBUG_INFORMATION_FORMAT = "dwarf-with-dsym";
				ENABLE_NS_ASSERTIONS = NO;
				ENABLE_STRICT_OBJC_MSGSEND = YES;
				ENABLE_USER_SCRIPT_SANDBOXING = YES;
				GCC_C_LANGUAGE_STANDARD = gnu17;
				GCC_NO_COMMON_BLOCKS = YES;
				GCC_WARN_64_TO_32_BIT_CONVERSION = YES;
				GCC_WARN_ABOUT_RETURN_TYPE = YES_ERROR;
				GCC_WARN_UNDECLARED_SELECTOR = YES;
				GCC_WARN_UNINITIALIZED_AUTOS = YES_AGGRESSIVE;
				GCC_WARN_UNUSED_FUNCTION = YES;
				GCC_WARN_UNUSED_VARIABLE = YES;
				IPHONEOS_DEPLOYMENT_TARGET = 17.2;
				LOCALIZATION_PREFERS_STRING_CATALOGS = YES;
				MTL_ENABLE_DEBUG_INFO = NO;
				MTL_FAST_MATH = YES;
				SDKROOT = iphoneos;
				SWIFT_COMPILATION_MODE = wholemodule;
				VALIDATE_PRODUCT = YES;
			};
			name = Release;
		};
		C877F6132B62B1090053A1BC /* Debug */ = {
			isa = XCBuildConfiguration;
			buildSettings = {
				ASSETCATALOG_COMPILER_APPICON_NAME = AppIcon;
				ASSETCATALOG_COMPILER_GLOBAL_ACCENT_COLOR_NAME = AccentColor;
				CODE_SIGN_STYLE = Automatic;
				CURRENT_PROJECT_VERSION = 1;
				DEVELOPMENT_TEAM = U4GPKHMJ2U;
				GENERATE_INFOPLIST_FILE = YES;
				INFOPLIST_FILE = MyForecastAppAvila/Info.plist;
				INFOPLIST_KEY_UIApplicationSupportsIndirectInputEvents = YES;
				INFOPLIST_KEY_UILaunchStoryboardName = LaunchScreen;
				INFOPLIST_KEY_UIMainStoryboardFile = Main;
				INFOPLIST_KEY_UISupportedInterfaceOrientations_iPad = "UIInterfaceOrientationPortrait UIInterfaceOrientationPortraitUpsideDown UIInterfaceOrientationLandscapeLeft UIInterfaceOrientationLandscapeRight";
				INFOPLIST_KEY_UISupportedInterfaceOrientations_iPhone = "UIInterfaceOrientationPortrait UIInterfaceOrientationLandscapeLeft UIInterfaceOrientationLandscapeRight";
				LD_RUNPATH_SEARCH_PATHS = (
					"$(inherited)",
					"@executable_path/Frameworks",
				);
				MARKETING_VERSION = 1.0;
				PRODUCT_BUNDLE_IDENTIFIER = clc.MyForecastAppAvila;
				PRODUCT_NAME = "$(TARGET_NAME)";
				SWIFT_EMIT_LOC_STRINGS = YES;
				SWIFT_VERSION = 5.0;
				TARGETED_DEVICE_FAMILY = "1,2";
			};
			name = Debug;
		};
		C877F6142B62B1090053A1BC /* Release */ = {
			isa = XCBuildConfiguration;
			buildSettings = {
				ASSETCATALOG_COMPILER_APPICON_NAME = AppIcon;
				ASSETCATALOG_COMPILER_GLOBAL_ACCENT_COLOR_NAME = AccentColor;
				CODE_SIGN_STYLE = Automatic;
				CURRENT_PROJECT_VERSION = 1;
				DEVELOPMENT_TEAM = U4GPKHMJ2U;
				GENERATE_INFOPLIST_FILE = YES;
				INFOPLIST_FILE = MyForecastAppAvila/Info.plist;
				INFOPLIST_KEY_UIApplicationSupportsIndirectInputEvents = YES;
				INFOPLIST_KEY_UILaunchStoryboardName = LaunchScreen;
				INFOPLIST_KEY_UIMainStoryboardFile = Main;
				INFOPLIST_KEY_UISupportedInterfaceOrientations_iPad = "UIInterfaceOrientationPortrait UIInterfaceOrientationPortraitUpsideDown UIInterfaceOrientationLandscapeLeft UIInterfaceOrientationLandscapeRight";
				INFOPLIST_KEY_UISupportedInterfaceOrientations_iPhone = "UIInterfaceOrientationPortrait UIInterfaceOrientationLandscapeLeft UIInterfaceOrientationLandscapeRight";
				LD_RUNPATH_SEARCH_PATHS = (
					"$(inherited)",
					"@executable_path/Frameworks",
				);
				MARKETING_VERSION = 1.0;
				PRODUCT_BUNDLE_IDENTIFIER = clc.MyForecastAppAvila;
				PRODUCT_NAME = "$(TARGET_NAME)";
				SWIFT_EMIT_LOC_STRINGS = YES;
				SWIFT_VERSION = 5.0;
				TARGETED_DEVICE_FAMILY = "1,2";
			};
			name = Release;
		};
		C877F6162B62B1090053A1BC /* Debug */ = {
			isa = XCBuildConfiguration;
			buildSettings = {
				ALWAYS_EMBED_SWIFT_STANDARD_LIBRARIES = YES;
				BUNDLE_LOADER = "$(TEST_HOST)";
				CODE_SIGN_STYLE = Automatic;
				CURRENT_PROJECT_VERSION = 1;
				DEVELOPMENT_TEAM = U4GPKHMJ2U;
				GENERATE_INFOPLIST_FILE = YES;
				IPHONEOS_DEPLOYMENT_TARGET = 17.2;
				MARKETING_VERSION = 1.0;
				PRODUCT_BUNDLE_IDENTIFIER = clc.MyForecastAppAvilaTests;
				PRODUCT_NAME = "$(TARGET_NAME)";
				SWIFT_EMIT_LOC_STRINGS = NO;
				SWIFT_VERSION = 5.0;
				TARGETED_DEVICE_FAMILY = "1,2";
				TEST_HOST = "$(BUILT_PRODUCTS_DIR)/MyForecastAppAvila.app/$(BUNDLE_EXECUTABLE_FOLDER_PATH)/MyForecastAppAvila";
			};
			name = Debug;
		};
		C877F6172B62B1090053A1BC /* Release */ = {
			isa = XCBuildConfiguration;
			buildSettings = {
				ALWAYS_EMBED_SWIFT_STANDARD_LIBRARIES = YES;
				BUNDLE_LOADER = "$(TEST_HOST)";
				CODE_SIGN_STYLE = Automatic;
				CURRENT_PROJECT_VERSION = 1;
				DEVELOPMENT_TEAM = U4GPKHMJ2U;
				GENERATE_INFOPLIST_FILE = YES;
				IPHONEOS_DEPLOYMENT_TARGET = 17.2;
				MARKETING_VERSION = 1.0;
				PRODUCT_BUNDLE_IDENTIFIER = clc.MyForecastAppAvilaTests;
				PRODUCT_NAME = "$(TARGET_NAME)";
				SWIFT_EMIT_LOC_STRINGS = NO;
				SWIFT_VERSION = 5.0;
				TARGETED_DEVICE_FAMILY = "1,2";
				TEST_HOST = "$(BUILT_PRODUCTS_DIR)/MyForecastAppAvila.app/$(BUNDLE_EXECUTABLE_FOLDER_PATH)/MyForecastAppAvila";
			};
			name = Release;
		};
		C877F6192B62B1090053A1BC /* Debug */ = {
			isa = XCBuildConfiguration;
			buildSettings = {
				ALWAYS_EMBED_SWIFT_STANDARD_LIBRARIES = YES;
				CODE_SIGN_STYLE = Automatic;
				CURRENT_PROJECT_VERSION = 1;
				DEVELOPMENT_TEAM = U4GPKHMJ2U;
				GENERATE_INFOPLIST_FILE = YES;
				MARKETING_VERSION = 1.0;
				PRODUCT_BUNDLE_IDENTIFIER = clc.MyForecastAppAvilaUITests;
				PRODUCT_NAME = "$(TARGET_NAME)";
				SWIFT_EMIT_LOC_STRINGS = NO;
				SWIFT_VERSION = 5.0;
				TARGETED_DEVICE_FAMILY = "1,2";
				TEST_TARGET_NAME = MyForecastAppAvila;
			};
			name = Debug;
		};
		C877F61A2B62B1090053A1BC /* Release */ = {
			isa = XCBuildConfiguration;
			buildSettings = {
				ALWAYS_EMBED_SWIFT_STANDARD_LIBRARIES = YES;
				CODE_SIGN_STYLE = Automatic;
				CURRENT_PROJECT_VERSION = 1;
				DEVELOPMENT_TEAM = U4GPKHMJ2U;
				GENERATE_INFOPLIST_FILE = YES;
				MARKETING_VERSION = 1.0;
				PRODUCT_BUNDLE_IDENTIFIER = clc.MyForecastAppAvilaUITests;
				PRODUCT_NAME = "$(TARGET_NAME)";
				SWIFT_EMIT_LOC_STRINGS = NO;
				SWIFT_VERSION = 5.0;
				TARGETED_DEVICE_FAMILY = "1,2";
				TEST_TARGET_NAME = MyForecastAppAvila;
			};
			name = Release;
		};
/* End XCBuildConfiguration section */

/* Begin XCConfigurationList section */
		C877F5E32B62B1060053A1BC /* Build configuration list for PBXProject "MyForecastAppAvila" */ = {
			isa = XCConfigurationList;
			buildConfigurations = (
				C877F6102B62B1090053A1BC /* Debug */,
				C877F6112B62B1090053A1BC /* Release */,
			);
			defaultConfigurationIsVisible = 0;
			defaultConfigurationName = Release;
		};
		C877F6122B62B1090053A1BC /* Build configuration list for PBXNativeTarget "MyForecastAppAvila" */ = {
			isa = XCConfigurationList;
			buildConfigurations = (
				C877F6132B62B1090053A1BC /* Debug */,
				C877F6142B62B1090053A1BC /* Release */,
			);
			defaultConfigurationIsVisible = 0;
			defaultConfigurationName = Release;
		};
		C877F6152B62B1090053A1BC /* Build configuration list for PBXNativeTarget "MyForecastAppAvilaTests" */ = {
			isa = XCConfigurationList;
			buildConfigurations = (
				C877F6162B62B1090053A1BC /* Debug */,
				C877F6172B62B1090053A1BC /* Release */,
			);
			defaultConfigurationIsVisible = 0;
			defaultConfigurationName = Release;
		};
		C877F6182B62B1090053A1BC /* Build configuration list for PBXNativeTarget "MyForecastAppAvilaUITests" */ = {
			isa = XCConfigurationList;
			buildConfigurations = (
				C877F6192B62B1090053A1BC /* Debug */,
				C877F61A2B62B1090053A1BC /* Release */,
			);
			defaultConfigurationIsVisible = 0;
			defaultConfigurationName = Release;
		};
/* End XCConfigurationList section */
	};
	rootObject = C877F5E02B62B1060053A1BC /* Project object */;
}
